
Microsoft Visual Studio Solution File, Format Version 12.00
# Visual Studio Version 17
VisualStudioVersion = 17.4.33213.308
MinimumVisualStudioVersion = 10.0.40219.1
Project("{FAE04EC0-301F-11D3-BF4B-00C04F79EFBC}") = "TestAspNetCoreApp", "TestAspNetCoreApp\TestAspNetCoreApp.csproj", "{032B5F17-B93A-47EE-BDEA-A4DF85DD19C9}"
EndProject
Global
	GlobalSection(SolutionConfigurationPlatforms) = preSolution
		Debug|Any CPU = Debug|Any CPU
		Release|Any CPU = Release|Any CPU
	EndGlobalSection
	GlobalSection(ProjectConfigurationPlatforms) = postSolution
		{032B5F17-B93A-47EE-BDEA-A4DF85DD19C9}.Debug|Any CPU.ActiveCfg = Debug|Any CPU
		{032B5F17-B93A-47EE-BDEA-A4DF85DD19C9}.Debug|Any CPU.Build.0 = Debug|Any CPU
		{032B5F17-B93A-47EE-BDEA-A4DF85DD19C9}.Release|Any CPU.ActiveCfg = Release|Any CPU
		{032B5F17-B93A-47EE-BDEA-A4DF85DD19C9}.Release|Any CPU.Build.0 = Release|Any CPU
	EndGlobalSection
	GlobalSection(SolutionProperties) = preSolution
		HideSolutionNode = FALSE
	EndGlobalSection
	GlobalSection(ExtensibilityGlobals) = postSolution
		SolutionGuid = {406FDE03-DEB4-45EA-9358-EF7F74BCFFAD}
	EndGlobalSection
EndGlobal
